
Microsoft Visual Studio Solution File, Format Version 12.00
# Visual Studio 2013
VisualStudioVersion = 12.0.30324.0
MinimumVisualStudioVersion = 10.0.40219.1
Project("{FAE04EC0-301F-11D3-BF4B-00C04F79EFBC}") = "HitCounter", "HitCounter\HitCounter.csproj", "{3922FAE7-FADC-49A8-A3AA-61A8BE8DE85D}"
EndProject
Global
	GlobalSection(SolutionConfigurationPlatforms) = preSolution
		Debug|Any CPU = Debug|Any CPU
		Release|Any CPU = Release|Any CPU
	EndGlobalSection
	GlobalSection(ProjectConfigurationPlatforms) = postSolution
		{3922FAE7-FADC-49A8-A3AA-61A8BE8DE85D}.Debug|Any CPU.ActiveCfg = Debug|Any CPU
		{3922FAE7-FADC-49A8-A3AA-61A8BE8DE85D}.Debug|Any CPU.Build.0 = Debug|Any CPU
		{3922FAE7-FADC-49A8-A3AA-61A8BE8DE85D}.Release|Any CPU.ActiveCfg = Release|Any CPU
		{3922FAE7-FADC-49A8-A3AA-61A8BE8DE85D}.Release|Any CPU.Build.0 = Release|Any CPU
	EndGlobalSection
	GlobalSection(SolutionProperties) = preSolution
		HideSolutionNode = FALSE
	EndGlobalSection
EndGlobal
