
Microsoft Visual Studio Solution File, Format Version 12.00
# Visual Studio 2012
Project("{FAE04EC0-301F-11D3-BF4B-00C04F79EFBC}") = "ChatClient.Droid", "ChatClient.Droid\ChatClient.Droid.csproj", "{656B241F-1BEA-48E1-B79D-5EABCB011E09}"
EndProject
Project("{FAE04EC0-301F-11D3-BF4B-00C04F79EFBC}") = "ChatClient.iOS", "ChatClient.iOS\ChatClient.iOS.csproj", "{DB3E9C4B-1697-4FAD-A35D-0B810A6DF7A2}"
EndProject
Global
	GlobalSection(SolutionConfigurationPlatforms) = preSolution
		Ad-Hoc|Any CPU = Ad-Hoc|Any CPU
		Ad-Hoc|iPhone = Ad-Hoc|iPhone
		Ad-Hoc|iPhoneSimulator = Ad-Hoc|iPhoneSimulator
		Ad-Hoc|Mixed Platforms = Ad-Hoc|Mixed Platforms
		AppStore|Any CPU = AppStore|Any CPU
		AppStore|iPhone = AppStore|iPhone
		AppStore|iPhoneSimulator = AppStore|iPhoneSimulator
		AppStore|Mixed Platforms = AppStore|Mixed Platforms
		Debug|Any CPU = Debug|Any CPU
		Debug|iPhone = Debug|iPhone
		Debug|iPhoneSimulator = Debug|iPhoneSimulator
		Debug|Mixed Platforms = Debug|Mixed Platforms
		Release|Any CPU = Release|Any CPU
		Release|iPhone = Release|iPhone
		Release|iPhoneSimulator = Release|iPhoneSimulator
		Release|Mixed Platforms = Release|Mixed Platforms
	EndGlobalSection
	GlobalSection(ProjectConfigurationPlatforms) = postSolution
		{656B241F-1BEA-48E1-B79D-5EABCB011E09}.Ad-Hoc|Any CPU.ActiveCfg = Release|Any CPU
		{656B241F-1BEA-48E1-B79D-5EABCB011E09}.Ad-Hoc|Any CPU.Build.0 = Release|Any CPU
		{656B241F-1BEA-48E1-B79D-5EABCB011E09}.Ad-Hoc|Any CPU.Deploy.0 = Release|Any CPU
		{656B241F-1BEA-48E1-B79D-5EABCB011E09}.Ad-Hoc|iPhone.ActiveCfg = Release|Any CPU
		{656B241F-1BEA-48E1-B79D-5EABCB011E09}.Ad-Hoc|iPhoneSimulator.ActiveCfg = Release|Any CPU
		{656B241F-1BEA-48E1-B79D-5EABCB011E09}.Ad-Hoc|Mixed Platforms.ActiveCfg = Release|Any CPU
		{656B241F-1BEA-48E1-B79D-5EABCB011E09}.Ad-Hoc|Mixed Platforms.Build.0 = Release|Any CPU
		{656B241F-1BEA-48E1-B79D-5EABCB011E09}.Ad-Hoc|Mixed Platforms.Deploy.0 = Release|Any CPU
		{656B241F-1BEA-48E1-B79D-5EABCB011E09}.AppStore|Any CPU.ActiveCfg = Release|Any CPU
		{656B241F-1BEA-48E1-B79D-5EABCB011E09}.AppStore|Any CPU.Build.0 = Release|Any CPU
		{656B241F-1BEA-48E1-B79D-5EABCB011E09}.AppStore|Any CPU.Deploy.0 = Release|Any CPU
		{656B241F-1BEA-48E1-B79D-5EABCB011E09}.AppStore|iPhone.ActiveCfg = Release|Any CPU
		{656B241F-1BEA-48E1-B79D-5EABCB011E09}.AppStore|iPhoneSimulator.ActiveCfg = Release|Any CPU
		{656B241F-1BEA-48E1-B79D-5EABCB011E09}.AppStore|Mixed Platforms.ActiveCfg = Release|Any CPU
		{656B241F-1BEA-48E1-B79D-5EABCB011E09}.AppStore|Mixed Platforms.Build.0 = Release|Any CPU
		{656B241F-1BEA-48E1-B79D-5EABCB011E09}.AppStore|Mixed Platforms.Deploy.0 = Release|Any CPU
		{656B241F-1BEA-48E1-B79D-5EABCB011E09}.Debug|Any CPU.ActiveCfg = Debug|Any CPU
		{656B241F-1BEA-48E1-B79D-5EABCB011E09}.Debug|Any CPU.Build.0 = Debug|Any CPU
		{656B241F-1BEA-48E1-B79D-5EABCB011E09}.Debug|Any CPU.Deploy.0 = Debug|Any CPU
		{656B241F-1BEA-48E1-B79D-5EABCB011E09}.Debug|iPhone.ActiveCfg = Debug|Any CPU
		{656B241F-1BEA-48E1-B79D-5EABCB011E09}.Debug|iPhoneSimulator.ActiveCfg = Debug|Any CPU
		{656B241F-1BEA-48E1-B79D-5EABCB011E09}.Debug|Mixed Platforms.ActiveCfg = Debug|Any CPU
		{656B241F-1BEA-48E1-B79D-5EABCB011E09}.Debug|Mixed Platforms.Build.0 = Debug|Any CPU
		{656B241F-1BEA-48E1-B79D-5EABCB011E09}.Debug|Mixed Platforms.Deploy.0 = Debug|Any CPU
		{656B241F-1BEA-48E1-B79D-5EABCB011E09}.Release|Any CPU.ActiveCfg = Release|Any CPU
		{656B241F-1BEA-48E1-B79D-5EABCB011E09}.Release|Any CPU.Build.0 = Release|Any CPU
		{656B241F-1BEA-48E1-B79D-5EABCB011E09}.Release|Any CPU.Deploy.0 = Release|Any CPU
		{656B241F-1BEA-48E1-B79D-5EABCB011E09}.Release|iPhone.ActiveCfg = Release|Any CPU
		{656B241F-1BEA-48E1-B79D-5EABCB011E09}.Release|iPhoneSimulator.ActiveCfg = Release|Any CPU
		{656B241F-1BEA-48E1-B79D-5EABCB011E09}.Release|Mixed Platforms.ActiveCfg = Release|Any CPU
		{656B241F-1BEA-48E1-B79D-5EABCB011E09}.Release|Mixed Platforms.Build.0 = Release|Any CPU
		{656B241F-1BEA-48E1-B79D-5EABCB011E09}.Release|Mixed Platforms.Deploy.0 = Release|Any CPU
		{DB3E9C4B-1697-4FAD-A35D-0B810A6DF7A2}.Ad-Hoc|Any CPU.ActiveCfg = Ad-Hoc|iPhone
		{DB3E9C4B-1697-4FAD-A35D-0B810A6DF7A2}.Ad-Hoc|Any CPU.Build.0 = Ad-Hoc|iPhone
		{DB3E9C4B-1697-4FAD-A35D-0B810A6DF7A2}.Ad-Hoc|iPhone.ActiveCfg = Ad-Hoc|iPhone
		{DB3E9C4B-1697-4FAD-A35D-0B810A6DF7A2}.Ad-Hoc|iPhone.Build.0 = Ad-Hoc|iPhone
		{DB3E9C4B-1697-4FAD-A35D-0B810A6DF7A2}.Ad-Hoc|iPhoneSimulator.ActiveCfg = Ad-Hoc|iPhoneSimulator
		{DB3E9C4B-1697-4FAD-A35D-0B810A6DF7A2}.Ad-Hoc|iPhoneSimulator.Build.0 = Ad-Hoc|iPhoneSimulator
		{DB3E9C4B-1697-4FAD-A35D-0B810A6DF7A2}.Ad-Hoc|Mixed Platforms.ActiveCfg = Ad-Hoc|iPhone
		{DB3E9C4B-1697-4FAD-A35D-0B810A6DF7A2}.Ad-Hoc|Mixed Platforms.Build.0 = Ad-Hoc|iPhone
		{DB3E9C4B-1697-4FAD-A35D-0B810A6DF7A2}.Ad-Hoc|Mixed Platforms.Deploy.0 = Ad-Hoc|iPhone
		{DB3E9C4B-1697-4FAD-A35D-0B810A6DF7A2}.AppStore|Any CPU.ActiveCfg = AppStore|iPhone
		{DB3E9C4B-1697-4FAD-A35D-0B810A6DF7A2}.AppStore|Any CPU.Build.0 = AppStore|iPhone
		{DB3E9C4B-1697-4FAD-A35D-0B810A6DF7A2}.AppStore|iPhone.ActiveCfg = AppStore|iPhone
		{DB3E9C4B-1697-4FAD-A35D-0B810A6DF7A2}.AppStore|iPhone.Build.0 = AppStore|iPhone
		{DB3E9C4B-1697-4FAD-A35D-0B810A6DF7A2}.AppStore|iPhoneSimulator.ActiveCfg = AppStore|iPhoneSimulator
		{DB3E9C4B-1697-4FAD-A35D-0B810A6DF7A2}.AppStore|iPhoneSimulator.Build.0 = AppStore|iPhoneSimulator
		{DB3E9C4B-1697-4FAD-A35D-0B810A6DF7A2}.AppStore|Mixed Platforms.ActiveCfg = AppStore|iPhone
		{DB3E9C4B-1697-4FAD-A35D-0B810A6DF7A2}.AppStore|Mixed Platforms.Build.0 = AppStore|iPhone
		{DB3E9C4B-1697-4FAD-A35D-0B810A6DF7A2}.AppStore|Mixed Platforms.Deploy.0 = AppStore|iPhone
		{DB3E9C4B-1697-4FAD-A35D-0B810A6DF7A2}.Debug|Any CPU.ActiveCfg = Debug|iPhone
		{DB3E9C4B-1697-4FAD-A35D-0B810A6DF7A2}.Debug|Any CPU.Build.0 = Debug|iPhone
		{DB3E9C4B-1697-4FAD-A35D-0B810A6DF7A2}.Debug|iPhone.ActiveCfg = Debug|iPhone
		{DB3E9C4B-1697-4FAD-A35D-0B810A6DF7A2}.Debug|iPhone.Build.0 = Debug|iPhone
		{DB3E9C4B-1697-4FAD-A35D-0B810A6DF7A2}.Debug|iPhoneSimulator.ActiveCfg = Debug|iPhoneSimulator
		{DB3E9C4B-1697-4FAD-A35D-0B810A6DF7A2}.Debug|iPhoneSimulator.Build.0 = Debug|iPhoneSimulator
		{DB3E9C4B-1697-4FAD-A35D-0B810A6DF7A2}.Debug|Mixed Platforms.ActiveCfg = Debug|iPhone
		{DB3E9C4B-1697-4FAD-A35D-0B810A6DF7A2}.Debug|Mixed Platforms.Build.0 = Debug|iPhone
		{DB3E9C4B-1697-4FAD-A35D-0B810A6DF7A2}.Debug|Mixed Platforms.Deploy.0 = Debug|iPhone
		{DB3E9C4B-1697-4FAD-A35D-0B810A6DF7A2}.Release|Any CPU.ActiveCfg = Release|iPhone
		{DB3E9C4B-1697-4FAD-A35D-0B810A6DF7A2}.Release|Any CPU.Build.0 = Release|iPhone
		{DB3E9C4B-1697-4FAD-A35D-0B810A6DF7A2}.Release|iPhone.ActiveCfg = Release|iPhone
		{DB3E9C4B-1697-4FAD-A35D-0B810A6DF7A2}.Release|iPhone.Build.0 = Release|iPhone
		{DB3E9C4B-1697-4FAD-A35D-0B810A6DF7A2}.Release|iPhoneSimulator.ActiveCfg = Release|iPhoneSimulator
		{DB3E9C4B-1697-4FAD-A35D-0B810A6DF7A2}.Release|iPhoneSimulator.Build.0 = Release|iPhoneSimulator
		{DB3E9C4B-1697-4FAD-A35D-0B810A6DF7A2}.Release|Mixed Platforms.ActiveCfg = Release|iPhone
		{DB3E9C4B-1697-4FAD-A35D-0B810A6DF7A2}.Release|Mixed Platforms.Build.0 = Release|iPhone
		{DB3E9C4B-1697-4FAD-A35D-0B810A6DF7A2}.Release|Mixed Platforms.Deploy.0 = Release|iPhone
	EndGlobalSection
	GlobalSection(MonoDevelopProperties) = preSolution
		StartupItem = ChatClient.Droid\ChatClient.Droid.csproj
	EndGlobalSection
	GlobalSection(SolutionProperties) = preSolution
		HideSolutionNode = FALSE
	EndGlobalSection
EndGlobal
